
Microsoft Visual Studio Solution File, Format Version 12.00
# Visual Studio Version 16
VisualStudioVersion = 16.0.30717.126
MinimumVisualStudioVersion = 10.0.40219.1
Project("{FAE04EC0-301F-11D3-BF4B-00C04F79EFBC}") = "ShoppingCenter", "ShoppingCenter.csproj", "{8F3F1DAA-6AFF-4395-8463-B40CD0DCD419}"
EndProject
Global
	GlobalSection(SolutionConfigurationPlatforms) = preSolution
		Debug|Any CPU = Debug|Any CPU
		Release|Any CPU = Release|Any CPU
	EndGlobalSection
	GlobalSection(ProjectConfigurationPlatforms) = postSolution
		{8F3F1DAA-6AFF-4395-8463-B40CD0DCD419}.Debug|Any CPU.ActiveCfg = Debug|Any CPU
		{8F3F1DAA-6AFF-4395-8463-B40CD0DCD419}.Debug|Any CPU.Build.0 = Debug|Any CPU
		{8F3F1DAA-6AFF-4395-8463-B40CD0DCD419}.Release|Any CPU.ActiveCfg = Release|Any CPU
		{8F3F1DAA-6AFF-4395-8463-B40CD0DCD419}.Release|Any CPU.Build.0 = Release|Any CPU
	EndGlobalSection
	GlobalSection(SolutionProperties) = preSolution
		HideSolutionNode = FALSE
	EndGlobalSection
	GlobalSection(ExtensibilityGlobals) = postSolution
		SolutionGuid = {FFBE0541-0F70-48BB-915D-39595A31163E}
	EndGlobalSection
EndGlobal
