
Microsoft Visual Studio Solution File, Format Version 12.00
# Visual Studio Version 16
VisualStudioVersion = 16.0.30717.126
MinimumVisualStudioVersion = 10.0.40219.1
Project("{FAE04EC0-301F-11D3-BF4B-00C04F79EFBC}") = "HashTableDictExercise", "HashTableDictExercise.csproj", "{18C40E97-6370-4137-AEA7-30209627D6DD}"
EndProject
Project("{FAE04EC0-301F-11D3-BF4B-00C04F79EFBC}") = "CountSymbols", "..\ConsoleApp1\CountSymbols.csproj", "{4C5C62E5-5605-4B74-8C51-0AF534A0269F}"
EndProject
Project("{FAE04EC0-301F-11D3-BF4B-00C04F79EFBC}") = "PhoneBook", "..\PhoneBook\PhoneBook.csproj", "{8957A05B-36DE-4A55-9A5C-1A038E79D05C}"
EndProject
Global
	GlobalSection(SolutionConfigurationPlatforms) = preSolution
		Debug|Any CPU = Debug|Any CPU
		Release|Any CPU = Release|Any CPU
	EndGlobalSection
	GlobalSection(ProjectConfigurationPlatforms) = postSolution
		{18C40E97-6370-4137-AEA7-30209627D6DD}.Debug|Any CPU.ActiveCfg = Debug|Any CPU
		{18C40E97-6370-4137-AEA7-30209627D6DD}.Debug|Any CPU.Build.0 = Debug|Any CPU
		{18C40E97-6370-4137-AEA7-30209627D6DD}.Release|Any CPU.ActiveCfg = Release|Any CPU
		{18C40E97-6370-4137-AEA7-30209627D6DD}.Release|Any CPU.Build.0 = Release|Any CPU
		{4C5C62E5-5605-4B74-8C51-0AF534A0269F}.Debug|Any CPU.ActiveCfg = Debug|Any CPU
		{4C5C62E5-5605-4B74-8C51-0AF534A0269F}.Debug|Any CPU.Build.0 = Debug|Any CPU
		{4C5C62E5-5605-4B74-8C51-0AF534A0269F}.Release|Any CPU.ActiveCfg = Release|Any CPU
		{4C5C62E5-5605-4B74-8C51-0AF534A0269F}.Release|Any CPU.Build.0 = Release|Any CPU
		{8957A05B-36DE-4A55-9A5C-1A038E79D05C}.Debug|Any CPU.ActiveCfg = Debug|Any CPU
		{8957A05B-36DE-4A55-9A5C-1A038E79D05C}.Debug|Any CPU.Build.0 = Debug|Any CPU
		{8957A05B-36DE-4A55-9A5C-1A038E79D05C}.Release|Any CPU.ActiveCfg = Release|Any CPU
		{8957A05B-36DE-4A55-9A5C-1A038E79D05C}.Release|Any CPU.Build.0 = Release|Any CPU
	EndGlobalSection
	GlobalSection(SolutionProperties) = preSolution
		HideSolutionNode = FALSE
	EndGlobalSection
	GlobalSection(ExtensibilityGlobals) = postSolution
		SolutionGuid = {5ED2362E-D252-462D-97AC-44D7E07AC5EC}
	EndGlobalSection
EndGlobal
